{
  "name": "@wikimedia/tilelive-overlay",
  "version": "2.3.0",
  "lockfileVersion": 1,
  "requires": true,
  "dependencies": {
    "@kartotherian/blend": {
      "version": "2.0.1",
      "resolved": "https://registry.npmjs.org/@kartotherian/blend/-/blend-2.0.1.tgz",
      "integrity": "sha512-rnXsB3vjeoUtsNoWkHre9L0w/plsi5z5p08QsFzNzep+lJtNo94Dc24cvtVA3Rvy+CC82+VGsHR6h0kexl+pgA==",
      "requires": {
        "@kartotherian/mapnik": "~3.7.3"
      },
      "dependencies": {
        "@kartotherian/mapnik": {
          "version": "3.7.4",
          "resolved": "https://registry.npmjs.org/@kartotherian/mapnik/-/mapnik-3.7.4.tgz",
          "integrity": "sha512-7RM0GXkLUufKkVcts3BzHWZejSso1Jm87uLcboSNlyUhdqbafB+Je3S+MsWk8kVvT1slh1Vx+ladWMudN9yuKA==",
          "requires": {
            "mapnik-vector-tile": "1.6.1",
            "nan": "~2.10.0",
            "node-pre-gyp": "~0.10.0",
            "protozero": "1.5.1"
          },
          "dependencies": {
            "abbrev": {
              "version": "1.1.1",
              "resolved": "https://registry.npmjs.org/abbrev/-/abbrev-1.1.1.tgz",
              "integrity": "sha512-nne9/IiQ/hzIhY6pdDnbBtz7DjPTKrY00P/zvPSm5pOFkl6xuGrGnXn/VtTNNfNtAfZ9/1RtehkszU9qcTii0Q=="
            },
            "ansi-regex": {
              "version": "2.1.1",
              "resolved": "https://registry.npmjs.org/ansi-regex/-/ansi-regex-2.1.1.tgz",
              "integrity": "sha1-w7M6te42DYbg5ijwRorn7yfWVN8="
            },
            "aproba": {
              "version": "1.2.0",
              "resolved": "https://registry.npmjs.org/aproba/-/aproba-1.2.0.tgz",
              "integrity": "sha512-Y9J6ZjXtoYh8RnXVCMOU/ttDmk1aBjunq9vO0ta5x85WDQiQfUF9sIPBITdbiiIVcBo03Hi3jMxigBtsddlXRw=="
            },
            "are-we-there-yet": {
              "version": "1.1.7",
              "resolved": "https://registry.npmjs.org/are-we-there-yet/-/are-we-there-yet-1.1.7.tgz",
              "integrity": "sha512-nxwy40TuMiUGqMyRHgCSWZ9FM4VAoRP4xUYSTv5ImRog+h9yISPbVH7H8fASCIzYn9wlEv4zvFL7uKDMCFQm3g==",
              "requires": {
                "delegates": "^1.0.0",
                "readable-stream": "^2.0.6"
              }
            },
            "balanced-match": {
              "version": "1.0.2",
              "resolved": "https://registry.npmjs.org/balanced-match/-/balanced-match-1.0.2.tgz",
              "integrity": "sha512-3oSeUO0TMV67hN1AmbXsK4yaqU7tjiHlbxRDZOpH0KW9+CeX4bRAaX0Anxt0tx2MrpRpWwQaPwIlISEJhYU5Pw=="
            },
            "brace-expansion": {
              "version": "1.1.11",
              "resolved": "https://registry.npmjs.org/brace-expansion/-/brace-expansion-1.1.11.tgz",
              "integrity": "sha512-iCuPHDFgrHX7H2vEI/5xpz07zSHB00TpugqhmYtVmMO6518mCuRMoOYFldEBl0g187ufozdaHgWKcYFb61qGiA==",
              "requires": {
                "balanced-match": "^1.0.0",
                "concat-map": "0.0.1"
              }
            },
            "chownr": {
              "version": "1.1.4",
              "resolved": "https://registry.npmjs.org/chownr/-/chownr-1.1.4.tgz",
              "integrity": "sha512-jJ0bqzaylmJtVnNgzTeSOs8DPavpbYgEr/b0YL8/2GO3xJEhInFmhKMUnEJQjZumK7KXGFhUy89PrsJWlakBVg=="
            },
            "code-point-at": {
              "version": "1.1.0",
              "resolved": "https://registry.npmjs.org/code-point-at/-/code-point-at-1.1.0.tgz",
              "integrity": "sha1-DQcLTQQ6W+ozovGkDi7bPZpMz3c="
            },
            "concat-map": {
              "version": "0.0.1",
              "resolved": "https://registry.npmjs.org/concat-map/-/concat-map-0.0.1.tgz",
              "integrity": "sha1-2Klr13/Wjfd5OnMDajug1UBdR3s="
            },
            "console-control-strings": {
              "version": "1.1.0",
              "resolved": "https://registry.npmjs.org/console-control-strings/-/console-control-strings-1.1.0.tgz",
              "integrity": "sha1-PXz0Rk22RG6mRL9LOVB/mFEAjo4="
            },
            "core-util-is": {
              "version": "1.0.3",
              "resolved": "https://registry.npmjs.org/core-util-is/-/core-util-is-1.0.3.tgz",
              "integrity": "sha512-ZQBvi1DcpJ4GDqanjucZ2Hj3wEO5pZDS89BWbkcrvdxksJorwUDDZamX9ldFkp9aw2lmBDLgkObEA4DWNJ9FYQ=="
            },
            "debug": {
              "version": "3.2.7",
              "resolved": "https://registry.npmjs.org/debug/-/debug-3.2.7.tgz",
              "integrity": "sha512-CFjzYYAi4ThfiQvizrFQevTTXHtnCqWfe7x1AhgEscTz6ZbLbfoLRLPugTQyBth6f8ZERVUSyWHFD/7Wu4t1XQ==",
              "requires": {
                "ms": "^2.1.1"
              }
            },
            "deep-extend": {
              "version": "0.6.0",
              "resolved": "https://registry.npmjs.org/deep-extend/-/deep-extend-0.6.0.tgz",
              "integrity": "sha512-LOHxIOaPYdHlJRtCQfDIVZtfw/ufM8+rVj649RIHzcm/vGwQRXFt6OPqIFWsm2XEMrNIEtWR64sY1LEKD2vAOA=="
            },
            "delegates": {
              "version": "1.0.0",
              "resolved": "https://registry.npmjs.org/delegates/-/delegates-1.0.0.tgz",
              "integrity": "sha1-hMbhWbgZBP3KWaDvRM2HDTElD5o="
            },
            "detect-libc": {
              "version": "1.0.3",
              "resolved": "https://registry.npmjs.org/detect-libc/-/detect-libc-1.0.3.tgz",
              "integrity": "sha1-+hN8S9aY7fVc1c0CrFWfkaTEups="
            },
            "fs-minipass": {
              "version": "1.2.7",
              "resolved": "https://registry.npmjs.org/fs-minipass/-/fs-minipass-1.2.7.tgz",
              "integrity": "sha512-GWSSJGFy4e9GUeCcbIkED+bgAoFyj7XF1mV8rma3QW4NIqX9Kyx79N/PF61H5udOV3aY1IaMLs6pGbH71nlCTA==",
              "requires": {
                "minipass": "^2.6.0"
              }
            },
            "fs.realpath": {
              "version": "1.0.0",
              "resolved": "https://registry.npmjs.org/fs.realpath/-/fs.realpath-1.0.0.tgz",
              "integrity": "sha1-FQStJSMVjKpA20onh8sBQRmU6k8="
            },
            "gauge": {
              "version": "2.7.4",
              "resolved": "https://registry.npmjs.org/gauge/-/gauge-2.7.4.tgz",
              "integrity": "sha1-LANAXHU4w51+s3sxcCLjJfsBi/c=",
              "requires": {
                "aproba": "^1.0.3",
                "console-control-strings": "^1.0.0",
                "has-unicode": "^2.0.0",
                "object-assign": "^4.1.0",
                "signal-exit": "^3.0.0",
                "string-width": "^1.0.1",
                "strip-ansi": "^3.0.1",
                "wide-align": "^1.1.0"
              }
            },
            "glob": {
              "version": "7.2.0",
              "resolved": "https://registry.npmjs.org/glob/-/glob-7.2.0.tgz",
              "integrity": "sha512-lmLf6gtyrPq8tTjSmrO94wBeQbFR3HbLHbuyD69wuyQkImp2hWqMGB47OX65FBkPffO641IP9jWa1z4ivqG26Q==",
              "requires": {
                "fs.realpath": "^1.0.0",
                "inflight": "^1.0.4",
                "inherits": "2",
                "minimatch": "^3.0.4",
                "once": "^1.3.0",
                "path-is-absolute": "^1.0.0"
              }
            },
            "has-unicode": {
              "version": "2.0.1",
              "resolved": "https://registry.npmjs.org/has-unicode/-/has-unicode-2.0.1.tgz",
              "integrity": "sha1-4Ob+aijPUROIVeCG0Wkedx3iqLk="
            },
            "iconv-lite": {
              "version": "0.4.24",
              "resolved": "https://registry.npmjs.org/iconv-lite/-/iconv-lite-0.4.24.tgz",
              "integrity": "sha512-v3MXnZAcvnywkTUEZomIActle7RXXeedOR31wwl7VlyoXO4Qi9arvSenNQWne1TcRwhCL1HwLI21bEqdpj8/rA==",
              "requires": {
                "safer-buffer": ">= 2.1.2 < 3"
              }
            },
            "ignore-walk": {
              "version": "3.0.4",
              "resolved": "https://registry.npmjs.org/ignore-walk/-/ignore-walk-3.0.4.tgz",
              "integrity": "sha512-PY6Ii8o1jMRA1z4F2hRkH/xN59ox43DavKvD3oDpfurRlOJyAHpifIwpbdv1n4jt4ov0jSpw3kQ4GhJnpBL6WQ==",
              "requires": {
                "minimatch": "^3.0.4"
              }
            },
            "inflight": {
              "version": "1.0.6",
              "resolved": "https://registry.npmjs.org/inflight/-/inflight-1.0.6.tgz",
              "integrity": "sha1-Sb1jMdfQLQwJvJEKEHW6gWW1bfk=",
              "requires": {
                "once": "^1.3.0",
                "wrappy": "1"
              }
            },
            "inherits": {
              "version": "2.0.4",
              "resolved": "https://registry.npmjs.org/inherits/-/inherits-2.0.4.tgz",
              "integrity": "sha512-k/vGaX4/Yla3WzyMCvTQOXYeIHvqOKtnqBduzTHpzpQZzAskKMhZ2K+EnBiSM9zGSoIFeMpXKxa4dYeZIQqewQ=="
            },
            "ini": {
              "version": "1.3.8",
              "resolved": "https://registry.npmjs.org/ini/-/ini-1.3.8.tgz",
              "integrity": "sha512-JV/yugV2uzW5iMRSiZAyDtQd+nxtUnjeLt0acNdw98kKLrvuRVyB80tsREOE7yvGVgalhZ6RNXCmEHkUKBKxew=="
            },
            "is-fullwidth-code-point": {
              "version": "1.0.0",
              "resolved": "https://registry.npmjs.org/is-fullwidth-code-point/-/is-fullwidth-code-point-1.0.0.tgz",
              "integrity": "sha1-754xOG8DGn8NZDr4L95QxFfvAMs=",
              "requires": {
                "number-is-nan": "^1.0.0"
              }
            },
            "isarray": {
              "version": "1.0.0",
              "resolved": "https://registry.npmjs.org/isarray/-/isarray-1.0.0.tgz",
              "integrity": "sha1-u5NdSFgsuhaMBoNJV6VKPgcSTxE="
            },
            "minimatch": {
              "version": "3.1.2",
              "resolved": "https://registry.npmjs.org/minimatch/-/minimatch-3.1.2.tgz",
              "integrity": "sha512-J7p63hRiAjw1NDEww1W7i37+ByIrOWO5XQQAzZ3VOcL0PNybwpfmV/N05zFAzwQ9USyEcX6t3UO+K5aqBQOIHw==",
              "requires": {
                "brace-expansion": "^1.1.7"
              }
            },
            "minimist": {
              "version": "1.2.5",
              "resolved": "https://registry.npmjs.org/minimist/-/minimist-1.2.5.tgz",
              "integrity": "sha512-FM9nNUYrRBAELZQT3xeZQ7fmMOBg6nWNmJKTcgsJeaLstP/UODVpGsr5OhXhhXg6f+qtJ8uiZ+PUxkDWcgIXLw=="
            },
            "minipass": {
              "version": "2.9.0",
              "resolved": "https://registry.npmjs.org/minipass/-/minipass-2.9.0.tgz",
              "integrity": "sha512-wxfUjg9WebH+CUDX/CdbRlh5SmfZiy/hpkxaRI16Y9W56Pa75sWgd/rvFilSgrauD9NyFymP/+JFV3KwzIsJeg==",
              "requires": {
                "safe-buffer": "^5.1.2",
                "yallist": "^3.0.0"
              }
            },
            "minizlib": {
              "version": "1.3.3",
              "resolved": "https://registry.npmjs.org/minizlib/-/minizlib-1.3.3.tgz",
              "integrity": "sha512-6ZYMOEnmVsdCeTJVE0W9ZD+pVnE8h9Hma/iOwwRDsdQoePpoX56/8B6z3P9VNwppJuBKNRuFDRNRqRWexT9G9Q==",
              "requires": {
                "minipass": "^2.9.0"
              }
            },
            "mkdirp": {
              "version": "0.5.5",
              "resolved": "https://registry.npmjs.org/mkdirp/-/mkdirp-0.5.5.tgz",
              "integrity": "sha512-NKmAlESf6jMGym1++R0Ra7wvhV+wFW63FaSOFPwRahvea0gMUcGUhVeAg/0BC0wiv9ih5NYPB1Wn1UEI1/L+xQ==",
              "requires": {
                "minimist": "^1.2.5"
              }
            },
            "ms": {
              "version": "2.1.3",
              "resolved": "https://registry.npmjs.org/ms/-/ms-2.1.3.tgz",
              "integrity": "sha512-6FlzubTLZG3J2a/NVCAleEhjzq5oxgHyaCU9yYXvcLsvoVaHJq/s5xXI6/XXP6tz7R9xAOtHnSO/tXtF3WRTlA=="
            },
            "needle": {
              "version": "2.9.1",
              "resolved": "https://registry.npmjs.org/needle/-/needle-2.9.1.tgz",
              "integrity": "sha512-6R9fqJ5Zcmf+uYaFgdIHmLwNldn5HbK8L5ybn7Uz+ylX/rnOsSp1AHcvQSrCaFN+qNM1wpymHqD7mVasEOlHGQ==",
              "requires": {
                "debug": "^3.2.6",
                "iconv-lite": "^0.4.4",
                "sax": "^1.2.4"
              }
            },
            "node-pre-gyp": {
              "version": "0.10.3",
              "resolved": "https://registry.npmjs.org/node-pre-gyp/-/node-pre-gyp-0.10.3.tgz",
              "integrity": "sha512-d1xFs+C/IPS8Id0qPTZ4bUT8wWryfR/OzzAFxweG+uLN85oPzyo2Iw6bVlLQ/JOdgNonXLCoRyqDzDWq4iw72A==",
              "requires": {
                "detect-libc": "^1.0.2",
                "mkdirp": "^0.5.1",
                "needle": "^2.2.1",
                "nopt": "^4.0.1",
                "npm-packlist": "^1.1.6",
                "npmlog": "^4.0.2",
                "rc": "^1.2.7",
                "rimraf": "^2.6.1",
                "semver": "^5.3.0",
                "tar": "^4"
              }
            },
            "nopt": {
              "version": "4.0.3",
              "resolved": "https://registry.npmjs.org/nopt/-/nopt-4.0.3.tgz",
              "integrity": "sha512-CvaGwVMztSMJLOeXPrez7fyfObdZqNUK1cPAEzLHrTybIua9pMdmmPR5YwtfNftIOMv3DPUhFaxsZMNTQO20Kg==",
              "requires": {
                "abbrev": "1",
                "osenv": "^0.1.4"
              }
            },
            "npm-bundled": {
              "version": "1.1.2",
              "resolved": "https://registry.npmjs.org/npm-bundled/-/npm-bundled-1.1.2.tgz",
              "integrity": "sha512-x5DHup0SuyQcmL3s7Rx/YQ8sbw/Hzg0rj48eN0dV7hf5cmQq5PXIeioroH3raV1QC1yh3uTYuMThvEQF3iKgGQ==",
              "requires": {
                "npm-normalize-package-bin": "^1.0.1"
              }
            },
            "npm-normalize-package-bin": {
              "version": "1.0.1",
              "resolved": "https://registry.npmjs.org/npm-normalize-package-bin/-/npm-normalize-package-bin-1.0.1.tgz",
              "integrity": "sha512-EPfafl6JL5/rU+ot6P3gRSCpPDW5VmIzX959Ob1+ySFUuuYHWHekXpwdUZcKP5C+DS4GEtdJluwBjnsNDl+fSA=="
            },
            "npm-packlist": {
              "version": "1.4.8",
              "resolved": "https://registry.npmjs.org/npm-packlist/-/npm-packlist-1.4.8.tgz",
              "integrity": "sha512-5+AZgwru5IevF5ZdnFglB5wNlHG1AOOuw28WhUq8/8emhBmLv6jX5by4WJCh7lW0uSYZYS6DXqIsyZVIXRZU9A==",
              "requires": {
                "ignore-walk": "^3.0.1",
                "npm-bundled": "^1.0.1",
                "npm-normalize-package-bin": "^1.0.1"
              }
            },
            "npmlog": {
              "version": "4.1.2",
              "resolved": "https://registry.npmjs.org/npmlog/-/npmlog-4.1.2.tgz",
              "integrity": "sha512-2uUqazuKlTaSI/dC8AzicUck7+IrEaOnN/e0jd3Xtt1KcGpwx30v50mL7oPyr/h9bL3E4aZccVwpwP+5W9Vjkg==",
              "requires": {
                "are-we-there-yet": "~1.1.2",
                "console-control-strings": "~1.1.0",
                "gauge": "~2.7.3",
                "set-blocking": "~2.0.0"
              }
            },
            "number-is-nan": {
              "version": "1.0.1",
              "resolved": "https://registry.npmjs.org/number-is-nan/-/number-is-nan-1.0.1.tgz",
              "integrity": "sha1-CXtgK1NCKlIsGvuHkDGDNpQaAR0="
            },
            "object-assign": {
              "version": "4.1.1",
              "resolved": "https://registry.npmjs.org/object-assign/-/object-assign-4.1.1.tgz",
              "integrity": "sha1-IQmtx5ZYh8/AXLvUQsrIv7s2CGM="
            },
            "once": {
              "version": "1.4.0",
              "resolved": "https://registry.npmjs.org/once/-/once-1.4.0.tgz",
              "integrity": "sha1-WDsap3WWHUsROsF9nFC6753Xa9E=",
              "requires": {
                "wrappy": "1"
              }
            },
            "os-homedir": {
              "version": "1.0.2",
              "resolved": "https://registry.npmjs.org/os-homedir/-/os-homedir-1.0.2.tgz",
              "integrity": "sha1-/7xJiDNuDoM94MFox+8VISGqf7M="
            },
            "os-tmpdir": {
              "version": "1.0.2",
              "resolved": "https://registry.npmjs.org/os-tmpdir/-/os-tmpdir-1.0.2.tgz",
              "integrity": "sha1-u+Z0BseaqFxc/sdm/lc0VV36EnQ="
            },
            "osenv": {
              "version": "0.1.5",
              "resolved": "https://registry.npmjs.org/osenv/-/osenv-0.1.5.tgz",
              "integrity": "sha512-0CWcCECdMVc2Rw3U5w9ZjqX6ga6ubk1xDVKxtBQPK7wis/0F2r9T6k4ydGYhecl7YUBxBVxhL5oisPsNxAPe2g==",
              "requires": {
                "os-homedir": "^1.0.0",
                "os-tmpdir": "^1.0.0"
              }
            },
            "path-is-absolute": {
              "version": "1.0.1",
              "resolved": "https://registry.npmjs.org/path-is-absolute/-/path-is-absolute-1.0.1.tgz",
              "integrity": "sha1-F0uSaHNVNP+8es5r9TpanhtcX18="
            },
            "process-nextick-args": {
              "version": "2.0.1",
              "resolved": "https://registry.npmjs.org/process-nextick-args/-/process-nextick-args-2.0.1.tgz",
              "integrity": "sha512-3ouUOpQhtgrbOa17J7+uxOTpITYWaGP7/AhoR3+A+/1e9skrzelGi/dXzEYyvbxubEF6Wn2ypscTKiKJFFn1ag=="
            },
            "rc": {
              "version": "1.2.8",
              "resolved": "https://registry.npmjs.org/rc/-/rc-1.2.8.tgz",
              "integrity": "sha512-y3bGgqKj3QBdxLbLkomlohkvsA8gdAiUQlSBJnBhfn+BPxg4bc62d8TcBW15wavDfgexCgccckhcZvywyQYPOw==",
              "requires": {
                "deep-extend": "^0.6.0",
                "ini": "~1.3.0",
                "minimist": "^1.2.0",
                "strip-json-comments": "~2.0.1"
              }
            },
            "readable-stream": {
              "version": "2.3.7",
              "resolved": "https://registry.npmjs.org/readable-stream/-/readable-stream-2.3.7.tgz",
              "integrity": "sha512-Ebho8K4jIbHAxnuxi7o42OrZgF/ZTNcsZj6nRKyUmkhLFq8CHItp/fy6hQZuZmP/n3yZ9VBUbp4zz/mX8hmYPw==",
              "requires": {
                "core-util-is": "~1.0.0",
                "inherits": "~2.0.3",
                "isarray": "~1.0.0",
                "process-nextick-args": "~2.0.0",
                "safe-buffer": "~5.1.1",
                "string_decoder": "~1.1.1",
                "util-deprecate": "~1.0.1"
              }
            },
            "rimraf": {
              "version": "2.7.1",
              "resolved": "https://registry.npmjs.org/rimraf/-/rimraf-2.7.1.tgz",
              "integrity": "sha512-uWjbaKIK3T1OSVptzX7Nl6PvQ3qAGtKEtVRjRuazjfL3Bx5eI409VZSqgND+4UNnmzLVdPj9FqFJNPqBZFve4w==",
              "requires": {
                "glob": "^7.1.3"
              }
            },
            "safe-buffer": {
              "version": "5.1.2",
              "resolved": "https://registry.npmjs.org/safe-buffer/-/safe-buffer-5.1.2.tgz",
              "integrity": "sha512-Gd2UZBJDkXlY7GbJxfsE8/nvKkUEU1G38c1siN6QP6a9PT9MmHB8GnpscSmMJSoF8LOIrt8ud/wPtojys4G6+g=="
            },
            "safer-buffer": {
              "version": "2.1.2",
              "resolved": "https://registry.npmjs.org/safer-buffer/-/safer-buffer-2.1.2.tgz",
              "integrity": "sha512-YZo3K82SD7Riyi0E1EQPojLz7kpepnSQI9IyPbHHg1XXXevb5dJI7tpyN2ADxGcQbHG7vcyRHk0cbwqcQriUtg=="
            },
            "sax": {
              "version": "1.2.4",
              "resolved": "https://registry.npmjs.org/sax/-/sax-1.2.4.tgz",
              "integrity": "sha512-NqVDv9TpANUjFm0N8uM5GxL36UgKi9/atZw+x7YFnQ8ckwFGKrl4xX4yWtrey3UJm5nP1kUbnYgLopqWNSRhWw=="
            },
            "semver": {
              "version": "5.7.1",
              "resolved": "https://registry.npmjs.org/semver/-/semver-5.7.1.tgz",
              "integrity": "sha512-sauaDf/PZdVgrLTNYHRtpXa1iRiKcaebiKQ1BJdpQlWH2lCvexQdX55snPFyK7QzpudqbCI0qXFfOasHdyNDGQ=="
            },
            "set-blocking": {
              "version": "2.0.0",
              "resolved": "https://registry.npmjs.org/set-blocking/-/set-blocking-2.0.0.tgz",
              "integrity": "sha1-BF+XgtARrppoA93TgrJDkrPYkPc="
            },
            "signal-exit": {
              "version": "3.0.7",
              "resolved": "https://registry.npmjs.org/signal-exit/-/signal-exit-3.0.7.tgz",
              "integrity": "sha512-wnD2ZE+l+SPC/uoS0vXeE9L1+0wuaMqKlfz9AMUo38JsyLSBWSFcHR1Rri62LZc12vLr1gb3jl7iwQhgwpAbGQ=="
            },
            "string-width": {
              "version": "1.0.2",
              "resolved": "https://registry.npmjs.org/string-width/-/string-width-1.0.2.tgz",
              "integrity": "sha1-EYvfW4zcUaKn5w0hHgfisLmxB9M=",
              "requires": {
                "code-point-at": "^1.0.0",
                "is-fullwidth-code-point": "^1.0.0",
                "strip-ansi": "^3.0.0"
              }
            },
            "string_decoder": {
              "version": "1.1.1",
              "resolved": "https://registry.npmjs.org/string_decoder/-/string_decoder-1.1.1.tgz",
              "integrity": "sha512-n/ShnvDi6FHbbVfviro+WojiFzv+s8MPMHBczVePfUpDJLwoLT0ht1l4YwBCbi8pJAveEEdnkHyPyTP/mzRfwg==",
              "requires": {
                "safe-buffer": "~5.1.0"
              }
            },
            "strip-ansi": {
              "version": "3.0.1",
              "resolved": "https://registry.npmjs.org/strip-ansi/-/strip-ansi-3.0.1.tgz",
              "integrity": "sha1-ajhfuIU9lS1f8F0Oiq+UJ43GPc8=",
              "requires": {
                "ansi-regex": "^2.0.0"
              }
            },
            "strip-json-comments": {
              "version": "2.0.1",
              "resolved": "https://registry.npmjs.org/strip-json-comments/-/strip-json-comments-2.0.1.tgz",
              "integrity": "sha1-PFMZQukIwml8DsNEhYwobHygpgo="
            },
            "tar": {
              "version": "4.4.19",
              "resolved": "https://registry.npmjs.org/tar/-/tar-4.4.19.tgz",
              "integrity": "sha512-a20gEsvHnWe0ygBY8JbxoM4w3SJdhc7ZAuxkLqh+nvNQN2IOt0B5lLgM490X5Hl8FF0dl0tOf2ewFYAlIFgzVA==",
              "requires": {
                "chownr": "^1.1.4",
                "fs-minipass": "^1.2.7",
                "minipass": "^2.9.0",
                "minizlib": "^1.3.3",
                "mkdirp": "^0.5.5",
                "safe-buffer": "^5.2.1",
                "yallist": "^3.1.1"
              },
              "dependencies": {
                "safe-buffer": {
                  "version": "5.2.1",
                  "resolved": "https://registry.npmjs.org/safe-buffer/-/safe-buffer-5.2.1.tgz",
                  "integrity": "sha512-rp3So07KcdmmKbGvgaNxQSJr7bGVSVk5S9Eq1F+ppbRo70+YeaDxkw5Dd8NPN+GD6bjnYm2VuPuCXmpuYvmCXQ=="
                }
              }
            },
            "util-deprecate": {
              "version": "1.0.2",
              "resolved": "https://registry.npmjs.org/util-deprecate/-/util-deprecate-1.0.2.tgz",
              "integrity": "sha1-RQ1Nyfpw3nMnYvvS1KKJgUGaDM8="
            },
            "wide-align": {
              "version": "1.1.5",
              "resolved": "https://registry.npmjs.org/wide-align/-/wide-align-1.1.5.tgz",
              "integrity": "sha512-eDMORYaPNZ4sQIuuYPDHdQvf4gyCF9rEEV/yPxGfwPkRodwEgiMUUXTx/dex+Me0wxx53S+NgUHaP7y3MGlDmg==",
              "requires": {
                "string-width": "^1.0.2 || 2 || 3 || 4"
              }
            },
            "wrappy": {
              "version": "1.0.2",
              "resolved": "https://registry.npmjs.org/wrappy/-/wrappy-1.0.2.tgz",
              "integrity": "sha1-tSQ9jz7BqjXxNkYFvA0QNuMKtp8="
            },
            "yallist": {
              "version": "3.1.1",
              "resolved": "https://registry.npmjs.org/yallist/-/yallist-3.1.1.tgz",
              "integrity": "sha512-a4UGQaWPH59mOXUYnAG2ewncQS4i4F43Tv3JoAM+s2VDAmS9NsK8GpDMLrCHPksFT7h3K6TOoUNn2pb7RoXx4g=="
            }
          }
        }
      }
    },
    "@kartotherian/mapnik": {
      "version": "3.7.3",
      "resolved": "https://registry.npmjs.org/@kartotherian/mapnik/-/mapnik-3.7.3.tgz",
      "integrity": "sha512-yqkx+rF/aMJMjl+kAgi4feaFxbTakft7DXplZqp3rqtglw2XcQca0J8qeEMG+vik3eJeFW5PZ42tiIFuPhx3bQ==",
      "dev": true,
      "requires": {
        "mapnik-vector-tile": "1.6.1",
        "nan": "~2.10.0",
        "node-pre-gyp": "~0.10.0",
        "protozero": "1.5.1"
      },
      "dependencies": {
        "abbrev": {
          "version": "1.1.1",
          "bundled": true,
          "dev": true
        },
        "ansi-regex": {
          "version": "2.1.1",
          "bundled": true,
          "dev": true
        },
        "aproba": {
          "version": "1.2.0",
          "bundled": true,
          "dev": true
        },
        "are-we-there-yet": {
          "version": "1.1.5",
          "bundled": true,
          "dev": true,
          "requires": {
            "delegates": "^1.0.0",
            "readable-stream": "^2.0.6"
          }
        },
        "balanced-match": {
          "version": "1.0.0",
          "bundled": true,
          "dev": true
        },
        "brace-expansion": {
          "version": "1.1.11",
          "bundled": true,
          "dev": true,
          "requires": {
            "balanced-match": "^1.0.0",
            "concat-map": "0.0.1"
          }
        },
        "chownr": {
          "version": "1.1.1",
          "bundled": true,
          "dev": true
        },
        "code-point-at": {
          "version": "1.1.0",
          "bundled": true,
          "dev": true
        },
        "concat-map": {
          "version": "0.0.1",
          "bundled": true,
          "dev": true
        },
        "console-control-strings": {
          "version": "1.1.0",
          "bundled": true,
          "dev": true
        },
        "core-util-is": {
          "version": "1.0.2",
          "bundled": true,
          "dev": true
        },
        "debug": {
          "version": "2.6.9",
          "bundled": true,
          "dev": true,
          "requires": {
            "ms": "2.0.0"
          }
        },
        "deep-extend": {
          "version": "0.6.0",
          "bundled": true,
          "dev": true
        },
        "delegates": {
          "version": "1.0.0",
          "bundled": true,
          "dev": true
        },
        "detect-libc": {
          "version": "1.0.3",
          "bundled": true,
          "dev": true
        },
        "fs-minipass": {
          "version": "1.2.5",
          "bundled": true,
          "dev": true,
          "requires": {
            "minipass": "^2.2.1"
          }
        },
        "fs.realpath": {
          "version": "1.0.0",
          "bundled": true,
          "dev": true
        },
        "gauge": {
          "version": "2.7.4",
          "bundled": true,
          "dev": true,
          "requires": {
            "aproba": "^1.0.3",
            "console-control-strings": "^1.0.0",
            "has-unicode": "^2.0.0",
            "object-assign": "^4.1.0",
            "signal-exit": "^3.0.0",
            "string-width": "^1.0.1",
            "strip-ansi": "^3.0.1",
            "wide-align": "^1.1.0"
          }
        },
        "glob": {
          "version": "7.1.3",
          "bundled": true,
          "dev": true,
          "requires": {
            "fs.realpath": "^1.0.0",
            "inflight": "^1.0.4",
            "inherits": "2",
            "minimatch": "^3.0.4",
            "once": "^1.3.0",
            "path-is-absolute": "^1.0.0"
          }
        },
        "has-unicode": {
          "version": "2.0.1",
          "bundled": true,
          "dev": true
        },
        "iconv-lite": {
          "version": "0.4.24",
          "bundled": true,
          "dev": true,
          "requires": {
            "safer-buffer": ">= 2.1.2 < 3"
          }
        },
        "ignore-walk": {
          "version": "3.0.1",
          "bundled": true,
          "dev": true,
          "requires": {
            "minimatch": "^3.0.4"
          }
        },
        "inflight": {
          "version": "1.0.6",
          "bundled": true,
          "dev": true,
          "requires": {
            "once": "^1.3.0",
            "wrappy": "1"
          }
        },
        "inherits": {
          "version": "2.0.3",
          "bundled": true,
          "dev": true
        },
        "ini": {
          "version": "1.3.5",
          "bundled": true,
          "dev": true
        },
        "is-fullwidth-code-point": {
          "version": "1.0.0",
          "bundled": true,
          "dev": true,
          "requires": {
            "number-is-nan": "^1.0.0"
          }
        },
        "isarray": {
          "version": "1.0.0",
          "bundled": true,
          "dev": true
        },
        "minimatch": {
          "version": "3.0.4",
          "bundled": true,
          "dev": true,
          "requires": {
            "brace-expansion": "^1.1.7"
          }
        },
        "minimist": {
          "version": "0.0.8",
          "bundled": true,
          "dev": true
        },
        "minipass": {
          "version": "2.3.5",
          "bundled": true,
          "dev": true,
          "requires": {
            "safe-buffer": "^5.1.2",
            "yallist": "^3.0.0"
          }
        },
        "minizlib": {
          "version": "1.2.1",
          "bundled": true,
          "dev": true,
          "requires": {
            "minipass": "^2.2.1"
          }
        },
        "mkdirp": {
          "version": "0.5.1",
          "bundled": true,
          "dev": true,
          "requires": {
            "minimist": "0.0.8"
          }
        },
        "ms": {
          "version": "2.0.0",
          "bundled": true,
          "dev": true
        },
        "needle": {
          "version": "2.2.4",
          "bundled": true,
          "dev": true,
          "requires": {
            "debug": "^2.1.2",
            "iconv-lite": "^0.4.4",
            "sax": "^1.2.4"
          }
        },
        "node-pre-gyp": {
          "version": "0.10.3",
          "bundled": true,
          "dev": true,
          "requires": {
            "detect-libc": "^1.0.2",
            "mkdirp": "^0.5.1",
            "needle": "^2.2.1",
            "nopt": "^4.0.1",
            "npm-packlist": "^1.1.6",
            "npmlog": "^4.0.2",
            "rc": "^1.2.7",
            "rimraf": "^2.6.1",
            "semver": "^5.3.0",
            "tar": "^4"
          }
        },
        "nopt": {
          "version": "4.0.1",
          "bundled": true,
          "dev": true,
          "requires": {
            "abbrev": "1",
            "osenv": "^0.1.4"
          }
        },
        "npm-bundled": {
          "version": "1.0.6",
          "bundled": true,
          "dev": true
        },
        "npm-packlist": {
          "version": "1.4.1",
          "bundled": true,
          "dev": true,
          "requires": {
            "ignore-walk": "^3.0.1",
            "npm-bundled": "^1.0.1"
          }
        },
        "npmlog": {
          "version": "4.1.2",
          "bundled": true,
          "dev": true,
          "requires": {
            "are-we-there-yet": "~1.1.2",
            "console-control-strings": "~1.1.0",
            "gauge": "~2.7.3",
            "set-blocking": "~2.0.0"
          }
        },
        "number-is-nan": {
          "version": "1.0.1",
          "bundled": true,
          "dev": true
        },
        "object-assign": {
          "version": "4.1.1",
          "bundled": true,
          "dev": true
        },
        "once": {
          "version": "1.4.0",
          "bundled": true,
          "dev": true,
          "requires": {
            "wrappy": "1"
          }
        },
        "os-homedir": {
          "version": "1.0.2",
          "bundled": true,
          "dev": true
        },
        "os-tmpdir": {
          "version": "1.0.2",
          "bundled": true,
          "dev": true
        },
        "osenv": {
          "version": "0.1.5",
          "bundled": true,
          "dev": true,
          "requires": {
            "os-homedir": "^1.0.0",
            "os-tmpdir": "^1.0.0"
          }
        },
        "path-is-absolute": {
          "version": "1.0.1",
          "bundled": true,
          "dev": true
        },
        "process-nextick-args": {
          "version": "2.0.0",
          "bundled": true,
          "dev": true
        },
        "rc": {
          "version": "1.2.8",
          "bundled": true,
          "dev": true,
          "requires": {
            "deep-extend": "^0.6.0",
            "ini": "~1.3.0",
            "minimist": "^1.2.0",
            "strip-json-comments": "~2.0.1"
          },
          "dependencies": {
            "minimist": {
              "version": "1.2.0",
              "bundled": true,
              "dev": true
            }
          }
        },
        "readable-stream": {
          "version": "2.3.6",
          "bundled": true,
          "dev": true,
          "requires": {
            "core-util-is": "~1.0.0",
            "inherits": "~2.0.3",
            "isarray": "~1.0.0",
            "process-nextick-args": "~2.0.0",
            "safe-buffer": "~5.1.1",
            "string_decoder": "~1.1.1",
            "util-deprecate": "~1.0.1"
          }
        },
        "rimraf": {
          "version": "2.6.3",
          "bundled": true,
          "dev": true,
          "requires": {
            "glob": "^7.1.3"
          }
        },
        "safe-buffer": {
          "version": "5.1.2",
          "bundled": true,
          "dev": true
        },
        "safer-buffer": {
          "version": "2.1.2",
          "bundled": true,
          "dev": true
        },
        "sax": {
          "version": "1.2.4",
          "bundled": true,
          "dev": true
        },
        "semver": {
          "version": "5.7.0",
          "bundled": true,
          "dev": true
        },
        "set-blocking": {
          "version": "2.0.0",
          "bundled": true,
          "dev": true
        },
        "signal-exit": {
          "version": "3.0.2",
          "bundled": true,
          "dev": true
        },
        "string-width": {
          "version": "1.0.2",
          "bundled": true,
          "dev": true,
          "requires": {
            "code-point-at": "^1.0.0",
            "is-fullwidth-code-point": "^1.0.0",
            "strip-ansi": "^3.0.0"
          }
        },
        "string_decoder": {
          "version": "1.1.1",
          "bundled": true,
          "dev": true,
          "requires": {
            "safe-buffer": "~5.1.0"
          }
        },
        "strip-ansi": {
          "version": "3.0.1",
          "bundled": true,
          "dev": true,
          "requires": {
            "ansi-regex": "^2.0.0"
          }
        },
        "strip-json-comments": {
          "version": "2.0.1",
          "bundled": true,
          "dev": true
        },
        "tar": {
          "version": "4.4.8",
          "bundled": true,
          "dev": true,
          "requires": {
            "chownr": "^1.1.1",
            "fs-minipass": "^1.2.5",
            "minipass": "^2.3.4",
            "minizlib": "^1.1.1",
            "mkdirp": "^0.5.0",
            "safe-buffer": "^5.1.2",
            "yallist": "^3.0.2"
          }
        },
        "util-deprecate": {
          "version": "1.0.2",
          "bundled": true,
          "dev": true
        },
        "wide-align": {
          "version": "1.1.3",
          "bundled": true,
          "dev": true,
          "requires": {
            "string-width": "^1.0.2 || 2"
          }
        },
        "wrappy": {
          "version": "1.0.2",
          "bundled": true,
          "dev": true
        },
        "yallist": {
          "version": "3.0.3",
          "bundled": true,
          "dev": true
        }
      }
    },
    "@mapbox/geojson-normalize": {
      "version": "0.0.1",
      "resolved": "https://registry.npmjs.org/@mapbox/geojson-normalize/-/geojson-normalize-0.0.1.tgz",
      "integrity": "sha512-82V7YHcle8lhgIGqEWwtXYN5cy0QM/OHq3ypGhQTbvHR57DF0vMHMjjVSQKFfVXBe/yWCBZTyOuzvK7DFFnx5Q=="
    },
    "@mapbox/sphericalmercator": {
      "version": "1.2.0",
      "resolved": "https://registry.npmjs.org/@mapbox/sphericalmercator/-/sphericalmercator-1.2.0.tgz",
      "integrity": "sha512-ZTOuuwGuMOJN+HEmG/68bSEw15HHaMWmQ5gdTsWdWsjDe56K1kGvLOK6bOSC8gWgIvEO0w6un/2Gvv1q5hJSkQ=="
    },
    "@wikimedia/geojson-mapnikify": {
      "version": "3.0.1",
      "resolved": "https://registry.npmjs.org/@wikimedia/geojson-mapnikify/-/geojson-mapnikify-3.0.1.tgz",
      "integrity": "sha512-byMkxECbi3qdQRmeQss4DjBNkv50U6RRjVtkrHNUQW9gbBS2qjJRAQKyzDQDqO/VmA9TNLSRcW6Qn1cmzwNM/Q==",
      "requires": {
        "@kartotherian/blend": "^2.0.1",
        "@mapbox/geojson-normalize": "~0.0.1",
        "@wikimedia/makizushi": "^4.0.0",
        "agentkeepalive": "^4.0.2",
        "minimist": "~1.2.0",
        "needle": "^2.4.0",
        "queue-async": "~1.0.7",
        "sigmund": "~1.0.0",
        "xtend": "~4.0.0"
      }
    },
    "@wikimedia/makizushi": {
      "version": "4.0.0",
      "resolved": "https://registry.npmjs.org/@wikimedia/makizushi/-/makizushi-4.0.0.tgz",
      "integrity": "sha512-QZC5LYaZYc9BG/q9NEiYzwTFOoo/ryadAYhtd+qEe+BFpKmT3BWUDHiAFuT17AcDVGGMUK7W5DVvA1sJRb3mUw==",
      "requires": {
        "@kartotherian/blend": "^2.0.1",
        "err-code": "0.1.2"
      }
    },
    "abbrev": {
      "version": "1.1.1",
      "resolved": "https://registry.npmjs.org/abbrev/-/abbrev-1.1.1.tgz",
      "integrity": "sha512-nne9/IiQ/hzIhY6pdDnbBtz7DjPTKrY00P/zvPSm5pOFkl6xuGrGnXn/VtTNNfNtAfZ9/1RtehkszU9qcTii0Q==",
      "dev": true
    },
    "agentkeepalive": {
      "version": "4.2.1",
      "resolved": "https://registry.npmjs.org/agentkeepalive/-/agentkeepalive-4.2.1.tgz",
      "integrity": "sha512-Zn4cw2NEqd+9fiSVWMscnjyQ1a8Yfoc5oBajLeo5w+YBHgDUcEBY2hS4YpTz6iN5f/2zQiktcuM6tS8x1p9dpA==",
      "requires": {
        "debug": "^4.1.0",
        "depd": "^1.1.2",
        "humanize-ms": "^1.2.1"
      }
    },
    "benchmark": {
      "version": "1.0.0",
      "resolved": "https://registry.npmjs.org/benchmark/-/benchmark-1.0.0.tgz",
      "integrity": "sha512-qSlOi0If8sI+icu3l/W5rd4R0etJz9orLPWpDdt1lPgEFzEHYYnkfMuotj+Lx5SyMkmfawlPoW9RmoEm19ziHA==",
      "dev": true
    },
    "buffer-equal": {
      "version": "0.0.2",
      "resolved": "https://registry.npmjs.org/buffer-equal/-/buffer-equal-0.0.2.tgz",
      "integrity": "sha512-4hr0gS7+NK47X6WbA/okVFrN5qGh3WLT7N3hMRv7+hlkXnbUIdU2u05n6r0RQv6cq6xke06nVl70r0NW0WM2OQ==",
      "dev": true
    },
    "bunker": {
      "version": "0.1.2",
      "resolved": "https://registry.npmjs.org/bunker/-/bunker-0.1.2.tgz",
      "integrity": "sha512-YnahkcXBNT522S46k5LUA9P18lzvgkunbMl0qIJQ8oeRMQ+dAg3YI3k32q5TnO+AAUErFHO6R768To6jslgYmQ==",
      "dev": true,
      "requires": {
        "burrito": ">=0.2.5 <0.3"
      }
    },
    "burrito": {
      "version": "0.2.12",
      "resolved": "https://registry.npmjs.org/burrito/-/burrito-0.2.12.tgz",
      "integrity": "sha512-ZhhT5iVTAgzQ+s8rily7m45Swxe/cU3dVCHTzqmHVWD/cc0Ds3W4Q4MExbkevY+fm0Me3lEwpehIy6TH7p+ehw==",
      "dev": true,
      "requires": {
        "traverse": "~0.5.1",
        "uglify-js": "~1.1.1"
      },
      "dependencies": {
        "traverse": {
          "version": "0.5.2",
          "resolved": "https://registry.npmjs.org/traverse/-/traverse-0.5.2.tgz",
          "integrity": "sha512-PUBVcfB3RqgLpzgTRGNiqK4duqrDbgGa1bobbUtzUwLiBNAjZ7vd5eCOdBxqZ/Fgezagr9o69IxP2fZp41RGFA==",
          "dev": true
        }
      }
    },
    "charm": {
      "version": "0.1.2",
      "resolved": "https://registry.npmjs.org/charm/-/charm-0.1.2.tgz",
      "integrity": "sha512-syedaZ9cPe7r3hoQA9twWYKu5AIyCswN5+szkmPBe9ccdLrj4bYaCnLVPTLd2kgVRc7+zoX4tyPgRnFKCj5YjQ==",
      "dev": true
    },
    "debug": {
      "version": "4.3.4",
      "resolved": "https://registry.npmjs.org/debug/-/debug-4.3.4.tgz",
      "integrity": "sha512-PRWFHuSU3eDtQJPvnNY7Jcket1j0t5OuOsFzPPzsekD52Zl8qUfFIPEiswXqIvHWGVHOgX+7G/vCNNhehwxfkQ==",
      "requires": {
        "ms": "2.1.2"
      }
    },
    "deep-equal": {
      "version": "0.0.0",
      "resolved": "https://registry.npmjs.org/deep-equal/-/deep-equal-0.0.0.tgz",
      "integrity": "sha512-p1bI/kkDPT6auUI0U+WLuIIrzmDIDo80I406J8tT4y6I4ZGtBuMeTudrKDtBdMJFAcxqrQdx27gosqPVyY3IvQ==",
      "dev": true
    },
    "deep-is": {
      "version": "0.1.4",
      "resolved": "https://registry.npmjs.org/deep-is/-/deep-is-0.1.4.tgz",
      "integrity": "sha512-oIPzksmTg4/MriiaYGO+okXDT7ztn/w3Eptv/+gSIdMdKsJo0u4CfYNFJPy+4SKMuCqGw2wxnA+URMg3t8a/bQ==",
      "dev": true
    },
    "depd": {
      "version": "1.1.2",
      "resolved": "https://registry.npmjs.org/depd/-/depd-1.1.2.tgz",
      "integrity": "sha512-7emPTl6Dpo6JRXOXjLRxck+FlLRX5847cLKEn00PLAgc3g2hTZZgr+e4c2v6QpSmLeFP3n5yUo7ft6avBK/5jQ=="
    },
    "difflet": {
      "version": "0.2.6",
      "resolved": "https://registry.npmjs.org/difflet/-/difflet-0.2.6.tgz",
      "integrity": "sha512-ruldDDRmY1t678UOAJBng6sL77f62SqjHj0498YC0EJhxIe2yKkqJn2qEchwG3eU/dqJ/RxPZkAnYjePS4pDCw==",
      "dev": true,
      "requires": {
        "charm": "0.1.x",
        "deep-is": "0.1.x",
        "traverse": "0.6.x"
      }
    },
    "err-code": {
      "version": "0.1.2",
      "resolved": "https://registry.npmjs.org/err-code/-/err-code-0.1.2.tgz",
      "integrity": "sha512-V+asySzy0ouG05jbyz3ls+uTlgd/alyD3BvUBRP1D8GbzNU7CKlZ/iDS2PZVpXzBTKQ6P/u6fEObCgnilX7usw=="
    },
    "glob": {
      "version": "3.2.11",
      "resolved": "https://registry.npmjs.org/glob/-/glob-3.2.11.tgz",
      "integrity": "sha512-hVb0zwEZwC1FXSKRPFTeOtN7AArJcJlI6ULGLtrstaswKNlrTJqAA+1lYlSUop4vjA423xlBzqfVS3iWGlqJ+g==",
      "dev": true,
      "requires": {
        "inherits": "2",
        "minimatch": "0.3"
      }
    },
    "humanize-ms": {
      "version": "1.2.1",
      "resolved": "https://registry.npmjs.org/humanize-ms/-/humanize-ms-1.2.1.tgz",
      "integrity": "sha512-Fl70vYtsAFb/C06PTS9dZBo7ihau+Tu/DNCk/OyHhea07S+aeMWpFFkUaXRa8fI+ScZbEI8dfSxwY7gxZ9SAVQ==",
      "requires": {
        "ms": "^2.0.0"
      }
    },
    "iconv-lite": {
      "version": "0.4.24",
      "resolved": "https://registry.npmjs.org/iconv-lite/-/iconv-lite-0.4.24.tgz",
      "integrity": "sha512-v3MXnZAcvnywkTUEZomIActle7RXXeedOR31wwl7VlyoXO4Qi9arvSenNQWne1TcRwhCL1HwLI21bEqdpj8/rA==",
      "requires": {
        "safer-buffer": ">= 2.1.2 < 3"
      }
    },
    "inherits": {
      "version": "2.0.4",
      "resolved": "https://registry.npmjs.org/inherits/-/inherits-2.0.4.tgz",
      "integrity": "sha512-k/vGaX4/Yla3WzyMCvTQOXYeIHvqOKtnqBduzTHpzpQZzAskKMhZ2K+EnBiSM9zGSoIFeMpXKxa4dYeZIQqewQ==",
      "dev": true
    },
    "lru-cache": {
      "version": "2.7.3",
      "resolved": "https://registry.npmjs.org/lru-cache/-/lru-cache-2.7.3.tgz",
      "integrity": "sha512-WpibWJ60c3AgAz8a2iYErDrcT2C7OmKnsWhIcHOjkUHFjkXncJhtLxNSqUmxRxRunpb5I8Vprd7aNSd2NtksJQ==",
      "dev": true
    },
    "mapnik-vector-tile": {
      "version": "1.6.1",
      "resolved": "https://registry.npmjs.org/mapnik-vector-tile/-/mapnik-vector-tile-1.6.1.tgz",
      "integrity": "sha512-shQ7ud3ZNTBem55wPW3A3zDYRRWWyP8j4+mSuByOGvzUeKAK5aY25UtlXsf4FUGEacLqfOXMyKAJfYgcEjQV3w=="
    },
    "minimatch": {
      "version": "0.3.0",
      "resolved": "https://registry.npmjs.org/minimatch/-/minimatch-0.3.0.tgz",
      "integrity": "sha512-WFX1jI1AaxNTZVOHLBVazwTWKaQjoykSzCBNXB72vDTCzopQGtyP91tKdFK5cv1+qMwPyiTu1HqUriqplI8pcA==",
      "dev": true,
      "requires": {
        "lru-cache": "2",
        "sigmund": "~1.0.0"
      }
    },
    "minimist": {
      "version": "1.2.6",
      "resolved": "https://registry.npmjs.org/minimist/-/minimist-1.2.6.tgz",
      "integrity": "sha512-Jsjnk4bw3YJqYzbdyBiNsPWHPfO++UGG749Cxs6peCu5Xg4nrena6OVxOYxrQTqww0Jmwt+Ref8rggumkTLz9Q=="
    },
    "mkdirp": {
      "version": "0.5.6",
      "resolved": "https://registry.npmjs.org/mkdirp/-/mkdirp-0.5.6.tgz",
      "integrity": "sha512-FP+p8RB8OWpF3YZBCrP5gtADmtXApB5AMLn+vdyA+PyxCjrCs00mjyUozssO33cwDeT3wNGdLxJ5M//YqtHAJw==",
      "dev": true,
      "requires": {
        "minimist": "^1.2.6"
      }
    },
    "ms": {
      "version": "2.1.2",
      "resolved": "https://registry.npmjs.org/ms/-/ms-2.1.2.tgz",
      "integrity": "sha512-sGkPx+VjMtmA6MX27oA4FBFELFCZZ4S4XqeGOXCv68tT+jb3vk/RyaKWP0PTKyWtmLSM0b+adUTEvbs1PEaH2w=="
    },
    "nan": {
      "version": "2.10.0",
      "resolved": "https://registry.npmjs.org/nan/-/nan-2.10.0.tgz",
      "integrity": "sha512-bAdJv7fBLhWC+/Bls0Oza+mvTaNQtP+1RyhhhvD95pgUJz6XM5IzgmxOkItJ9tkoCiplvAnXI1tNmmUD/eScyA=="
    },
    "needle": {
      "version": "2.9.1",
      "resolved": "https://registry.npmjs.org/needle/-/needle-2.9.1.tgz",
      "integrity": "sha512-6R9fqJ5Zcmf+uYaFgdIHmLwNldn5HbK8L5ybn7Uz+ylX/rnOsSp1AHcvQSrCaFN+qNM1wpymHqD7mVasEOlHGQ==",
      "requires": {
        "debug": "^3.2.6",
        "iconv-lite": "^0.4.4",
        "sax": "^1.2.4"
      },
      "dependencies": {
        "debug": {
          "version": "3.2.7",
          "resolved": "https://registry.npmjs.org/debug/-/debug-3.2.7.tgz",
          "integrity": "sha512-CFjzYYAi4ThfiQvizrFQevTTXHtnCqWfe7x1AhgEscTz6ZbLbfoLRLPugTQyBth6f8ZERVUSyWHFD/7Wu4t1XQ==",
          "requires": {
            "ms": "^2.1.1"
          }
        }
      }
    },
    "nopt": {
      "version": "2.2.1",
      "resolved": "https://registry.npmjs.org/nopt/-/nopt-2.2.1.tgz",
      "integrity": "sha512-gIOTA/uJuhPwFqp+spY7VQ1satbnGlD+iQVZxI18K6hs8Evq4sX81Ml7BB5byP/LsbR2yBVtmvdEmhi7evJ6Aw==",
      "dev": true,
      "requires": {
        "abbrev": "1"
      }
    },
    "protozero": {
      "version": "1.5.1",
      "resolved": "https://registry.npmjs.org/protozero/-/protozero-1.5.1.tgz",
      "integrity": "sha512-bqtK+AkOe6/0DBgMSHxwC4BCo8ebwWIaUXNoCs/9Atub8SV73Csz7u20e5ET2YIDVlKJYGuDLSaJpI+bxzMEuA=="
    },
    "queue-async": {
      "version": "1.0.7",
      "resolved": "https://registry.npmjs.org/queue-async/-/queue-async-1.0.7.tgz",
      "integrity": "sha512-V52kIzNbnCsKw0ezR1zuDWnd3o2CsIloZzPP7pvgxeRRo7f6E+HzMfePecZKolqHi30xEZQhfOpGQ7VWqEYFaQ=="
    },
    "runforcover": {
      "version": "0.0.2",
      "resolved": "https://registry.npmjs.org/runforcover/-/runforcover-0.0.2.tgz",
      "integrity": "sha512-yarCIK2HcAOadqnKW419+FA38qpWDCKcOr5RZU+jnyLL/hn3No9BHZY+YJDEzvQ0k8Oyl7ffLjZv9ZUxvyKoLQ==",
      "dev": true,
      "requires": {
        "bunker": "0.1.X"
      }
    },
    "safer-buffer": {
      "version": "2.1.2",
      "resolved": "https://registry.npmjs.org/safer-buffer/-/safer-buffer-2.1.2.tgz",
      "integrity": "sha512-YZo3K82SD7Riyi0E1EQPojLz7kpepnSQI9IyPbHHg1XXXevb5dJI7tpyN2ADxGcQbHG7vcyRHk0cbwqcQriUtg=="
    },
    "sax": {
      "version": "1.2.4",
      "resolved": "https://registry.npmjs.org/sax/-/sax-1.2.4.tgz",
      "integrity": "sha512-NqVDv9TpANUjFm0N8uM5GxL36UgKi9/atZw+x7YFnQ8ckwFGKrl4xX4yWtrey3UJm5nP1kUbnYgLopqWNSRhWw=="
    },
    "sigmund": {
      "version": "1.0.1",
      "resolved": "https://registry.npmjs.org/sigmund/-/sigmund-1.0.1.tgz",
      "integrity": "sha512-fCvEXfh6NWpm+YSuY2bpXb/VIihqWA6hLsgboC+0nl71Q7N7o2eaCW8mJa/NLvQhs6jpd3VZV4UiUQlV6+lc8g=="
    },
    "slide": {
      "version": "1.1.6",
      "resolved": "https://registry.npmjs.org/slide/-/slide-1.1.6.tgz",
      "integrity": "sha512-NwrtjCg+lZoqhFU8fOwl4ay2ei8PaqCBOUV3/ektPY9trO1yQ1oXEfmHAhKArUVUr/hOHvy5f6AdP17dCM0zMw==",
      "dev": true
    },
    "tap": {
      "version": "0.4.13",
      "resolved": "https://registry.npmjs.org/tap/-/tap-0.4.13.tgz",
      "integrity": "sha512-DRPT9T2qqeUQ9nC8nwnZPQQnKA+bVhzaNrIDoFETFqWLXGOvil/JMhuWj5uO6XeNzIdvvPKLqPHQzIkJnjNnDQ==",
      "dev": true,
      "requires": {
        "buffer-equal": "~0.0.0",
        "deep-equal": "~0.0.0",
        "difflet": "~0.2.0",
        "glob": "~3.2.1",
        "inherits": "*",
        "mkdirp": "~0.3 || 0.4 || 0.5",
        "nopt": "~2",
        "runforcover": "~0.0.2",
        "slide": "*",
        "yamlish": "*"
      }
    },
    "traverse": {
      "version": "0.6.6",
      "resolved": "https://registry.npmjs.org/traverse/-/traverse-0.6.6.tgz",
      "integrity": "sha512-kdf4JKs8lbARxWdp7RKdNzoJBhGUcIalSYibuGyHJbmk40pOysQ0+QPvlkCOICOivDWU2IJo2rkrxyTK2AH4fw==",
      "dev": true
    },
    "uglify-js": {
      "version": "1.1.1",
      "resolved": "https://registry.npmjs.org/uglify-js/-/uglify-js-1.1.1.tgz",
      "integrity": "sha512-YYY9Dle1leC+btgrHnAR05eq0aRdcPJsXlYYD+SYw2lqc5HFuFNHg3wWEW4SNE0iXXEUl0fz43gTQ3r1YK76rg==",
      "dev": true
    },
    "xtend": {
      "version": "4.0.2",
      "resolved": "https://registry.npmjs.org/xtend/-/xtend-4.0.2.tgz",
      "integrity": "sha512-LKYU1iAXJXUgAXn9URjiu+MWhyUXHsvfp7mcuYm9dSUKK0/CjtrUwFAxD82/mCWbtLsGjFIad0wIsod4zrTAEQ=="
    },
    "yamlish": {
      "version": "0.0.7",
      "resolved": "https://registry.npmjs.org/yamlish/-/yamlish-0.0.7.tgz",
      "integrity": "sha512-MfSpIJj5Hmm0Yz788MEW1NWfdOhZR/O0WPrdiUeWBKTtCNm0jZwMJZhScqveQoE6CvUoXOQBs5/1I/nC6Sbj/w==",
      "dev": true
    }
  }
}
